
Microsoft Visual Studio Solution File, Format Version 12.00
# Visual Studio 15
Project("{FAE04EC0-301F-11D3-BF4B-00C04F79EFBC}") = "Assembly-CSharp", "Assembly-CSharp.csproj", "{6EE1E917-82A2-0C55-9269-C16988624967}"
EndProject
Project("{FAE04EC0-301F-11D3-BF4B-00C04F79EFBC}") = "Assembly-CSharp-Editor", "Assembly-CSharp-Editor.csproj", "{037D5270-E4EC-182E-EBC8-0101B034FC13}"
EndProject
Global
	GlobalSection(SolutionConfigurationPlatforms) = preSolution
		Debug|Any CPU = Debug|Any CPU
		Release|Any CPU = Release|Any CPU
	EndGlobalSection
	GlobalSection(ProjectConfigurationPlatforms) = postSolution
		{6EE1E917-82A2-0C55-9269-C16988624967}.Debug|Any CPU.ActiveCfg = Debug|Any CPU
		{6EE1E917-82A2-0C55-9269-C16988624967}.Debug|Any CPU.Build.0 = Debug|Any CPU
		{6EE1E917-82A2-0C55-9269-C16988624967}.Release|Any CPU.ActiveCfg = Release|Any CPU
		{6EE1E917-82A2-0C55-9269-C16988624967}.Release|Any CPU.Build.0 = Release|Any CPU
		{037D5270-E4EC-182E-EBC8-0101B034FC13}.Debug|Any CPU.ActiveCfg = Debug|Any CPU
		{037D5270-E4EC-182E-EBC8-0101B034FC13}.Debug|Any CPU.Build.0 = Debug|Any CPU
		{037D5270-E4EC-182E-EBC8-0101B034FC13}.Release|Any CPU.ActiveCfg = Release|Any CPU
		{037D5270-E4EC-182E-EBC8-0101B034FC13}.Release|Any CPU.Build.0 = Release|Any CPU
	EndGlobalSection
	GlobalSection(SolutionProperties) = preSolution
		HideSolutionNode = FALSE
	EndGlobalSection
EndGlobal
